
Microsoft Visual Studio Solution File, Format Version 12.00
# Visual Studio Version 17
VisualStudioVersion = 17.3.32929.385
MinimumVisualStudioVersion = 10.0.40219.1
Project("{FAE04EC0-301F-11D3-BF4B-00C04F79EFBC}") = "squares-api-exercise", "squares-api-exercise.csproj", "{428C0B49-B1CA-4AFF-93E6-55052E5BD5BE}"
EndProject
Global
	GlobalSection(SolutionConfigurationPlatforms) = preSolution
		Debug|Any CPU = Debug|Any CPU
		Release|Any CPU = Release|Any CPU
	EndGlobalSection
	GlobalSection(ProjectConfigurationPlatforms) = postSolution
		{428C0B49-B1CA-4AFF-93E6-55052E5BD5BE}.Debug|Any CPU.ActiveCfg = Debug|Any CPU
		{428C0B49-B1CA-4AFF-93E6-55052E5BD5BE}.Debug|Any CPU.Build.0 = Debug|Any CPU
		{428C0B49-B1CA-4AFF-93E6-55052E5BD5BE}.Release|Any CPU.ActiveCfg = Release|Any CPU
		{428C0B49-B1CA-4AFF-93E6-55052E5BD5BE}.Release|Any CPU.Build.0 = Release|Any CPU
	EndGlobalSection
	GlobalSection(SolutionProperties) = preSolution
		HideSolutionNode = FALSE
	EndGlobalSection
	GlobalSection(ExtensibilityGlobals) = postSolution
		SolutionGuid = {4597EB55-FFE7-4BC7-805F-80FE88A3390F}
	EndGlobalSection
EndGlobal
